
Microsoft Visual Studio Solution File, Format Version 12.00
# Visual Studio 15
Project("{FAE04EC0-301F-11D3-BF4B-00C04F79EFBC}") = "Assembly-CSharp", "Assembly-CSharp.csproj", "{F1F7A29B-4F49-6D12-74F4-293F6F44BE34}"
EndProject
Project("{FAE04EC0-301F-11D3-BF4B-00C04F79EFBC}") = "Unity.2D.Tilemap.Extras", "Unity.2D.Tilemap.Extras.csproj", "{B6D3DFA6-1514-1492-9FB6-538DEE6A6ED4}"
EndProject
Project("{FAE04EC0-301F-11D3-BF4B-00C04F79EFBC}") = "Unity.2D.Tilemap.Extras.Editor", "Unity.2D.Tilemap.Extras.Editor.csproj", "{BF160AC3-5943-0F08-DF62-FDE48C71966B}"
EndProject
Project("{FAE04EC0-301F-11D3-BF4B-00C04F79EFBC}") = "Unity.2D.Tilemap.Extras.Placeholder.EditorTests", "Unity.2D.Tilemap.Extras.Placeholder.EditorTests.csproj", "{AB49A8CC-1B70-39C4-91C3-ED532A7FAEF1}"
EndProject
Global
	GlobalSection(SolutionConfigurationPlatforms) = preSolution
		Debug|Any CPU = Debug|Any CPU
		Release|Any CPU = Release|Any CPU
	EndGlobalSection
	GlobalSection(ProjectConfigurationPlatforms) = postSolution
		{F1F7A29B-4F49-6D12-74F4-293F6F44BE34}.Debug|Any CPU.ActiveCfg = Debug|Any CPU
		{F1F7A29B-4F49-6D12-74F4-293F6F44BE34}.Debug|Any CPU.Build.0 = Debug|Any CPU
		{F1F7A29B-4F49-6D12-74F4-293F6F44BE34}.Release|Any CPU.ActiveCfg = Release|Any CPU
		{F1F7A29B-4F49-6D12-74F4-293F6F44BE34}.Release|Any CPU.Build.0 = Release|Any CPU
		{B6D3DFA6-1514-1492-9FB6-538DEE6A6ED4}.Debug|Any CPU.ActiveCfg = Debug|Any CPU
		{B6D3DFA6-1514-1492-9FB6-538DEE6A6ED4}.Debug|Any CPU.Build.0 = Debug|Any CPU
		{B6D3DFA6-1514-1492-9FB6-538DEE6A6ED4}.Release|Any CPU.ActiveCfg = Release|Any CPU
		{B6D3DFA6-1514-1492-9FB6-538DEE6A6ED4}.Release|Any CPU.Build.0 = Release|Any CPU
		{BF160AC3-5943-0F08-DF62-FDE48C71966B}.Debug|Any CPU.ActiveCfg = Debug|Any CPU
		{BF160AC3-5943-0F08-DF62-FDE48C71966B}.Debug|Any CPU.Build.0 = Debug|Any CPU
		{BF160AC3-5943-0F08-DF62-FDE48C71966B}.Release|Any CPU.ActiveCfg = Release|Any CPU
		{BF160AC3-5943-0F08-DF62-FDE48C71966B}.Release|Any CPU.Build.0 = Release|Any CPU
		{AB49A8CC-1B70-39C4-91C3-ED532A7FAEF1}.Debug|Any CPU.ActiveCfg = Debug|Any CPU
		{AB49A8CC-1B70-39C4-91C3-ED532A7FAEF1}.Debug|Any CPU.Build.0 = Debug|Any CPU
		{AB49A8CC-1B70-39C4-91C3-ED532A7FAEF1}.Release|Any CPU.ActiveCfg = Release|Any CPU
		{AB49A8CC-1B70-39C4-91C3-ED532A7FAEF1}.Release|Any CPU.Build.0 = Release|Any CPU
	EndGlobalSection
	GlobalSection(SolutionProperties) = preSolution
		HideSolutionNode = FALSE
	EndGlobalSection
EndGlobal
